
Microsoft Visual Studio Solution File, Format Version 12.00
# Visual Studio Version 16
VisualStudioVersion = 16.0.34729.46
MinimumVisualStudioVersion = 10.0.40219.1
Project("{FAE04EC0-301F-11D3-BF4B-00C04F79EFBC}") = "Habilitations", "Habilitations\Habilitations.csproj", "{073DCBF6-EAB5-468D-AD2D-E0D881A02D37}"
EndProject
Global
	GlobalSection(SolutionConfigurationPlatforms) = preSolution
		Debug|Any CPU = Debug|Any CPU
		Release|Any CPU = Release|Any CPU
	EndGlobalSection
	GlobalSection(ProjectConfigurationPlatforms) = postSolution
		{073DCBF6-EAB5-468D-AD2D-E0D881A02D37}.Debug|Any CPU.ActiveCfg = Debug|Any CPU
		{073DCBF6-EAB5-468D-AD2D-E0D881A02D37}.Debug|Any CPU.Build.0 = Debug|Any CPU
		{073DCBF6-EAB5-468D-AD2D-E0D881A02D37}.Release|Any CPU.ActiveCfg = Release|Any CPU
		{073DCBF6-EAB5-468D-AD2D-E0D881A02D37}.Release|Any CPU.Build.0 = Release|Any CPU
	EndGlobalSection
	GlobalSection(SolutionProperties) = preSolution
		HideSolutionNode = FALSE
	EndGlobalSection
	GlobalSection(ExtensibilityGlobals) = postSolution
		SolutionGuid = {82B9EC68-F738-4D19-BE16-FAC74F3B192B}
	EndGlobalSection
EndGlobal
